
Microsoft Visual Studio Solution File, Format Version 12.00
# Visual Studio Version 17
VisualStudioVersion = 17.5.33627.172
MinimumVisualStudioVersion = 10.0.40219.1
Project("{FAE04EC0-301F-11D3-BF4B-00C04F79EFBC}") = "BookHub", "BookHub\BookHub.csproj", "{402158E4-20AA-453F-808B-36AC14BA42FC}"
EndProject
Project("{FAE04EC0-301F-11D3-BF4B-00C04F79EFBC}") = "Application", "Application\Application.csproj", "{ACEA3EE7-6572-4DC0-AE92-6ED870AE786C}"
EndProject
Project("{FAE04EC0-301F-11D3-BF4B-00C04F79EFBC}") = "Domain", "Domain\Domain.csproj", "{DAD82BCC-1C73-470D-8A51-A08EB32BC98A}"
EndProject
Project("{FAE04EC0-301F-11D3-BF4B-00C04F79EFBC}") = "Inflastructures", "Inflastructures\Inflastructures.csproj", "{5AEE5CA3-B1BB-4FEB-8E63-AB00DB3A2C72}"
EndProject
Global
	GlobalSection(SolutionConfigurationPlatforms) = preSolution
		Debug|Any CPU = Debug|Any CPU
		Release|Any CPU = Release|Any CPU
	EndGlobalSection
	GlobalSection(ProjectConfigurationPlatforms) = postSolution
		{402158E4-20AA-453F-808B-36AC14BA42FC}.Debug|Any CPU.ActiveCfg = Debug|Any CPU
		{402158E4-20AA-453F-808B-36AC14BA42FC}.Debug|Any CPU.Build.0 = Debug|Any CPU
		{402158E4-20AA-453F-808B-36AC14BA42FC}.Release|Any CPU.ActiveCfg = Release|Any CPU
		{402158E4-20AA-453F-808B-36AC14BA42FC}.Release|Any CPU.Build.0 = Release|Any CPU
		{ACEA3EE7-6572-4DC0-AE92-6ED870AE786C}.Debug|Any CPU.ActiveCfg = Debug|Any CPU
		{ACEA3EE7-6572-4DC0-AE92-6ED870AE786C}.Debug|Any CPU.Build.0 = Debug|Any CPU
		{ACEA3EE7-6572-4DC0-AE92-6ED870AE786C}.Release|Any CPU.ActiveCfg = Release|Any CPU
		{ACEA3EE7-6572-4DC0-AE92-6ED870AE786C}.Release|Any CPU.Build.0 = Release|Any CPU
		{DAD82BCC-1C73-470D-8A51-A08EB32BC98A}.Debug|Any CPU.ActiveCfg = Debug|Any CPU
		{DAD82BCC-1C73-470D-8A51-A08EB32BC98A}.Debug|Any CPU.Build.0 = Debug|Any CPU
		{DAD82BCC-1C73-470D-8A51-A08EB32BC98A}.Release|Any CPU.ActiveCfg = Release|Any CPU
		{DAD82BCC-1C73-470D-8A51-A08EB32BC98A}.Release|Any CPU.Build.0 = Release|Any CPU
		{5AEE5CA3-B1BB-4FEB-8E63-AB00DB3A2C72}.Debug|Any CPU.ActiveCfg = Debug|Any CPU
		{5AEE5CA3-B1BB-4FEB-8E63-AB00DB3A2C72}.Debug|Any CPU.Build.0 = Debug|Any CPU
		{5AEE5CA3-B1BB-4FEB-8E63-AB00DB3A2C72}.Release|Any CPU.ActiveCfg = Release|Any CPU
		{5AEE5CA3-B1BB-4FEB-8E63-AB00DB3A2C72}.Release|Any CPU.Build.0 = Release|Any CPU
	EndGlobalSection
	GlobalSection(SolutionProperties) = preSolution
		HideSolutionNode = FALSE
	EndGlobalSection
	GlobalSection(ExtensibilityGlobals) = postSolution
		SolutionGuid = {4184B4D0-A897-4E0B-9B6B-ED2A5501CB32}
	EndGlobalSection
EndGlobal
